// !$*UTF8*$!
{
	archiveVersion = 1;
	classes = {
	};
	objectVersion = 52;
	objects = {

/* Begin PBXBuildFile section */
		3A7D3846FCC8B8D354045493 /* Pods_InstaSaver.framework in Frameworks */ = {isa = PBXBuildFile; fileRef = 543AD59F60B5F1042C654948 /* Pods_InstaSaver.framework */; };
		5D443D42255822AB0075741E /* SwiftagramCrypto in Frameworks */ = {isa = PBXBuildFile; productRef = 5D443D41255822AB0075741E /* SwiftagramCrypto */; };
		5D443D44255822AB0075741E /* Swiftagram in Frameworks */ = {isa = PBXBuildFile; productRef = 5D443D43255822AB0075741E /* Swiftagram */; };
		5D443D642558234F0075741E /* SFProDisplay-Ultralight.ttf in Resources */ = {isa = PBXBuildFile; fileRef = 5D443D472558234F0075741E /* SFProDisplay-Ultralight.ttf */; };
		5D443D652558234F0075741E /* SFProDisplay-RegularItalic.ttf in Resources */ = {isa = PBXBuildFile; fileRef = 5D443D482558234F0075741E /* SFProDisplay-RegularItalic.ttf */; };
		5D443D662558234F0075741E /* SFProDisplay-SemiboldItalic.ttf in Resources */ = {isa = PBXBuildFile; fileRef = 5D443D492558234F0075741E /* SFProDisplay-SemiboldItalic.ttf */; };
		5D443D672558234F0075741E /* SFProDisplay-BoldItalic.ttf in Resources */ = {isa = PBXBuildFile; fileRef = 5D443D4A2558234F0075741E /* SFProDisplay-BoldItalic.ttf */; };
		5D443D682558234F0075741E /* SFProDisplay-Medium.ttf in Resources */ = {isa = PBXBuildFile; fileRef = 5D443D4B2558234F0075741E /* SFProDisplay-Medium.ttf */; };
		5D443D692558234F0075741E /* SFProDisplay-Black.ttf in Resources */ = {isa = PBXBuildFile; fileRef = 5D443D4C2558234F0075741E /* SFProDisplay-Black.ttf */; };
		5D443D6A2558234F0075741E /* SFProDisplay-ThinItalic.ttf in Resources */ = {isa = PBXBuildFile; fileRef = 5D443D4D2558234F0075741E /* SFProDisplay-ThinItalic.ttf */; };
		5D443D6B2558234F0075741E /* SFProDisplay-Light.ttf in Resources */ = {isa = PBXBuildFile; fileRef = 5D443D4E2558234F0075741E /* SFProDisplay-Light.ttf */; };
		5D443D6C2558234F0075741E /* SFProDisplay-Regular.ttf in Resources */ = {isa = PBXBuildFile; fileRef = 5D443D4F2558234F0075741E /* SFProDisplay-Regular.ttf */; };
		5D443D6D2558234F0075741E /* SFProDisplay-BlackItalic.ttf in Resources */ = {isa = PBXBuildFile; fileRef = 5D443D502558234F0075741E /* SFProDisplay-BlackItalic.ttf */; };
		5D443D6E2558234F0075741E /* SFProDisplay-MediumItalic.ttf in Resources */ = {isa = PBXBuildFile; fileRef = 5D443D512558234F0075741E /* SFProDisplay-MediumItalic.ttf */; };
		5D443D6F2558234F0075741E /* SFProDisplay-Bold.ttf in Resources */ = {isa = PBXBuildFile; fileRef = 5D443D522558234F0075741E /* SFProDisplay-Bold.ttf */; };
		5D443D702558234F0075741E /* SFProDisplay-HeavyItalic.ttf in Resources */ = {isa = PBXBuildFile; fileRef = 5D443D532558234F0075741E /* SFProDisplay-HeavyItalic.ttf */; };
		5D443D712558234F0075741E /* SFProDisplay-Semibold.ttf in Resources */ = {isa = PBXBuildFile; fileRef = 5D443D542558234F0075741E /* SFProDisplay-Semibold.ttf */; };
		5D443D722558234F0075741E /* SFProDisplay-Heavy.ttf in Resources */ = {isa = PBXBuildFile; fileRef = 5D443D552558234F0075741E /* SFProDisplay-Heavy.ttf */; };
		5D443D732558234F0075741E /* SFProDisplay-LightItalic.ttf in Resources */ = {isa = PBXBuildFile; fileRef = 5D443D562558234F0075741E /* SFProDisplay-LightItalic.ttf */; };
		5D443D742558234F0075741E /* SFProDisplay-UltralightItalic.ttf in Resources */ = {isa = PBXBuildFile; fileRef = 5D443D572558234F0075741E /* SFProDisplay-UltralightItalic.ttf */; };
		5D443D752558234F0075741E /* SFProDisplay-Thin.ttf in Resources */ = {isa = PBXBuildFile; fileRef = 5D443D582558234F0075741E /* SFProDisplay-Thin.ttf */; };
		5D443D762558234F0075741E /* TTCommons-LightItalic.ttf in Resources */ = {isa = PBXBuildFile; fileRef = 5D443D5A2558234F0075741E /* TTCommons-LightItalic.ttf */; };
		5D443D772558234F0075741E /* TTCommons-MediumItalic.ttf in Resources */ = {isa = PBXBuildFile; fileRef = 5D443D5B2558234F0075741E /* TTCommons-MediumItalic.ttf */; };
		5D443D782558234F0075741E /* TTCommons-Regular.ttf in Resources */ = {isa = PBXBuildFile; fileRef = 5D443D5C2558234F0075741E /* TTCommons-Regular.ttf */; };
		5D443D792558234F0075741E /* TTCommons-Bold.ttf in Resources */ = {isa = PBXBuildFile; fileRef = 5D443D5D2558234F0075741E /* TTCommons-Bold.ttf */; };
		5D443D7A2558234F0075741E /* TTCommons-BoldItalic.ttf in Resources */ = {isa = PBXBuildFile; fileRef = 5D443D5E2558234F0075741E /* TTCommons-BoldItalic.ttf */; };
		5D443D7B2558234F0075741E /* TTCommons-Medium.ttf in Resources */ = {isa = PBXBuildFile; fileRef = 5D443D5F2558234F0075741E /* TTCommons-Medium.ttf */; };
		5D443D7C2558234F0075741E /* TTCommons-Italic.ttf in Resources */ = {isa = PBXBuildFile; fileRef = 5D443D602558234F0075741E /* TTCommons-Italic.ttf */; };
		5D443D7D2558234F0075741E /* TTCommons-DemiBoldItalic.ttf in Resources */ = {isa = PBXBuildFile; fileRef = 5D443D612558234F0075741E /* TTCommons-DemiBoldItalic.ttf */; };
		5D443D7E2558234F0075741E /* TTCommons-DemiBold.ttf in Resources */ = {isa = PBXBuildFile; fileRef = 5D443D622558234F0075741E /* TTCommons-DemiBold.ttf */; };
		5D443D7F2558234F0075741E /* TTCommons-Light.ttf in Resources */ = {isa = PBXBuildFile; fileRef = 5D443D632558234F0075741E /* TTCommons-Light.ttf */; };
		5D443D84255823650075741E /* Fonts.swift in Sources */ = {isa = PBXBuildFile; fileRef = 5D443D82255823650075741E /* Fonts.swift */; };
		5D443D872558237C0075741E /* Assets.swift in Sources */ = {isa = PBXBuildFile; fileRef = 5D443D862558237C0075741E /* Assets.swift */; };
		5D443D8A255824170075741E /* FontsExtension.swift in Sources */ = {isa = PBXBuildFile; fileRef = 5D443D89255824170075741E /* FontsExtension.swift */; };
		5D443D922558245A0075741E /* ISAvatarView.swift in Sources */ = {isa = PBXBuildFile; fileRef = 5D443D8C2558245A0075741E /* ISAvatarView.swift */; };
		5D443D932558245A0075741E /* FeedSearchView.swift in Sources */ = {isa = PBXBuildFile; fileRef = 5D443D8D2558245A0075741E /* FeedSearchView.swift */; };
		5D443D942558245A0075741E /* ISSectionHeaderView.swift in Sources */ = {isa = PBXBuildFile; fileRef = 5D443D8E2558245A0075741E /* ISSectionHeaderView.swift */; };
		5D443D952558245A0075741E /* ISTextField.swift in Sources */ = {isa = PBXBuildFile; fileRef = 5D443D8F2558245A0075741E /* ISTextField.swift */; };
		5D443D962558245A0075741E /* ISStoryView.swift in Sources */ = {isa = PBXBuildFile; fileRef = 5D443D902558245A0075741E /* ISStoryView.swift */; };
		5D443D972558245A0075741E /* SelfSizingCollectionView.swift in Sources */ = {isa = PBXBuildFile; fileRef = 5D443D912558245A0075741E /* SelfSizingCollectionView.swift */; };
		5D443DA1255824F80075741E /* FeedController.swift in Sources */ = {isa = PBXBuildFile; fileRef = 5D443D9A255824F80075741E /* FeedController.swift */; };
		5D443DA2255824F80075741E /* FeedItemCell.swift in Sources */ = {isa = PBXBuildFile; fileRef = 5D443D9B255824F80075741E /* FeedItemCell.swift */; };
		5D443DA3255824F80075741E /* FeedStoriesCell.swift in Sources */ = {isa = PBXBuildFile; fileRef = 5D443D9C255824F80075741E /* FeedStoriesCell.swift */; };
		5D443DA5255824F80075741E /* FeedView.swift in Sources */ = {isa = PBXBuildFile; fileRef = 5D443D9E255824F80075741E /* FeedView.swift */; };
		5D443DA6255824F80075741E /* StoriesViewController.swift in Sources */ = {isa = PBXBuildFile; fileRef = 5D443DA0255824F80075741E /* StoriesViewController.swift */; };
		5D443DD5255827F20075741E /* HorizontalScrollableCell.swift in Sources */ = {isa = PBXBuildFile; fileRef = 5D443DCC255827F20075741E /* HorizontalScrollableCell.swift */; };
		5D443DD6255827F20075741E /* ProfileView.swift in Sources */ = {isa = PBXBuildFile; fileRef = 5D443DCD255827F20075741E /* ProfileView.swift */; };
		5D443DD7255827F20075741E /* UserPageHeaderView.swift in Sources */ = {isa = PBXBuildFile; fileRef = 5D443DCE255827F20075741E /* UserPageHeaderView.swift */; };
		5D443DD9255827F20075741E /* PostCollectionView.swift in Sources */ = {isa = PBXBuildFile; fileRef = 5D443DD0255827F20075741E /* PostCollectionView.swift */; };
		5D443DDA255827F20075741E /* ProfileViewController.swift in Sources */ = {isa = PBXBuildFile; fileRef = 5D443DD1255827F20075741E /* ProfileViewController.swift */; };
		5D443DDB255827F20075741E /* HilightsCollectionView.swift in Sources */ = {isa = PBXBuildFile; fileRef = 5D443DD2255827F20075741E /* HilightsCollectionView.swift */; };
		5D443DDD255827F20075741E /* StoriesCollectionView.swift in Sources */ = {isa = PBXBuildFile; fileRef = 5D443DD4255827F20075741E /* StoriesCollectionView.swift */; };
		5D443DE225582A840075741E /* ISDataTypes.swift in Sources */ = {isa = PBXBuildFile; fileRef = 5D443DE125582A840075741E /* ISDataTypes.swift */; };
		5D443DE525582AC50075741E /* SwiftgramToISDataTypes.swift in Sources */ = {isa = PBXBuildFile; fileRef = 5D443DE425582AC50075741E /* SwiftgramToISDataTypes.swift */; };
		5D5B73D5253DE21500B8FD3B /* AppDelegate.swift in Sources */ = {isa = PBXBuildFile; fileRef = 5D5B73D4253DE21500B8FD3B /* AppDelegate.swift */; };
		5D5B73DE253DE21600B8FD3B /* Assets.xcassets in Resources */ = {isa = PBXBuildFile; fileRef = 5D5B73DD253DE21600B8FD3B /* Assets.xcassets */; };
		5D5B73E1253DE21600B8FD3B /* LaunchScreen.storyboard in Resources */ = {isa = PBXBuildFile; fileRef = 5D5B73DF253DE21600B8FD3B /* LaunchScreen.storyboard */; };
		5D5B73F2253DE32000B8FD3B /* ViewController.swift in Sources */ = {isa = PBXBuildFile; fileRef = 5D5B73F1253DE32000B8FD3B /* ViewController.swift */; };
		5D5B73F5253DE34C00B8FD3B /* ContentViewProtocol.swift in Sources */ = {isa = PBXBuildFile; fileRef = 5D5B73F4253DE34C00B8FD3B /* ContentViewProtocol.swift */; };
		5D5B73FA253DE3F400B8FD3B /* BasicView.swift in Sources */ = {isa = PBXBuildFile; fileRef = 5D5B73F9253DE3F400B8FD3B /* BasicView.swift */; };
/* End PBXBuildFile section */

/* Begin PBXFileReference section */
		1B646CBA815BA7B6E6F6038D /* Pods-InstaSaver.release.xcconfig */ = {isa = PBXFileReference; includeInIndex = 1; lastKnownFileType = text.xcconfig; name = "Pods-InstaSaver.release.xcconfig"; path = "Target Support Files/Pods-InstaSaver/Pods-InstaSaver.release.xcconfig"; sourceTree = "<group>"; };
		543AD59F60B5F1042C654948 /* Pods_InstaSaver.framework */ = {isa = PBXFileReference; explicitFileType = wrapper.framework; includeInIndex = 0; path = Pods_InstaSaver.framework; sourceTree = BUILT_PRODUCTS_DIR; };
		5D443D472558234F0075741E /* SFProDisplay-Ultralight.ttf */ = {isa = PBXFileReference; lastKnownFileType = file; path = "SFProDisplay-Ultralight.ttf"; sourceTree = "<group>"; };
		5D443D482558234F0075741E /* SFProDisplay-RegularItalic.ttf */ = {isa = PBXFileReference; lastKnownFileType = file; path = "SFProDisplay-RegularItalic.ttf"; sourceTree = "<group>"; };
		5D443D492558234F0075741E /* SFProDisplay-SemiboldItalic.ttf */ = {isa = PBXFileReference; lastKnownFileType = file; path = "SFProDisplay-SemiboldItalic.ttf"; sourceTree = "<group>"; };
		5D443D4A2558234F0075741E /* SFProDisplay-BoldItalic.ttf */ = {isa = PBXFileReference; lastKnownFileType = file; path = "SFProDisplay-BoldItalic.ttf"; sourceTree = "<group>"; };
		5D443D4B2558234F0075741E /* SFProDisplay-Medium.ttf */ = {isa = PBXFileReference; lastKnownFileType = file; path = "SFProDisplay-Medium.ttf"; sourceTree = "<group>"; };
		5D443D4C2558234F0075741E /* SFProDisplay-Black.ttf */ = {isa = PBXFileReference; lastKnownFileType = file; path = "SFProDisplay-Black.ttf"; sourceTree = "<group>"; };
		5D443D4D2558234F0075741E /* SFProDisplay-ThinItalic.ttf */ = {isa = PBXFileReference; lastKnownFileType = file; path = "SFProDisplay-ThinItalic.ttf"; sourceTree = "<group>"; };
		5D443D4E2558234F0075741E /* SFProDisplay-Light.ttf */ = {isa = PBXFileReference; lastKnownFileType = file; path = "SFProDisplay-Light.ttf"; sourceTree = "<group>"; };
		5D443D4F2558234F0075741E /* SFProDisplay-Regular.ttf */ = {isa = PBXFileReference; lastKnownFileType = file; path = "SFProDisplay-Regular.ttf"; sourceTree = "<group>"; };
		5D443D502558234F0075741E /* SFProDisplay-BlackItalic.ttf */ = {isa = PBXFileReference; lastKnownFileType = file; path = "SFProDisplay-BlackItalic.ttf"; sourceTree = "<group>"; };
		5D443D512558234F0075741E /* SFProDisplay-MediumItalic.ttf */ = {isa = PBXFileReference; lastKnownFileType = file; path = "SFProDisplay-MediumItalic.ttf"; sourceTree = "<group>"; };
		5D443D522558234F0075741E /* SFProDisplay-Bold.ttf */ = {isa = PBXFileReference; lastKnownFileType = file; path = "SFProDisplay-Bold.ttf"; sourceTree = "<group>"; };
		5D443D532558234F0075741E /* SFProDisplay-HeavyItalic.ttf */ = {isa = PBXFileReference; lastKnownFileType = file; path = "SFProDisplay-HeavyItalic.ttf"; sourceTree = "<group>"; };
		5D443D542558234F0075741E /* SFProDisplay-Semibold.ttf */ = {isa = PBXFileReference; lastKnownFileType = file; path = "SFProDisplay-Semibold.ttf"; sourceTree = "<group>"; };
		5D443D552558234F0075741E /* SFProDisplay-Heavy.ttf */ = {isa = PBXFileReference; lastKnownFileType = file; path = "SFProDisplay-Heavy.ttf"; sourceTree = "<group>"; };
		5D443D562558234F0075741E /* SFProDisplay-LightItalic.ttf */ = {isa = PBXFileReference; lastKnownFileType = file; path = "SFProDisplay-LightItalic.ttf"; sourceTree = "<group>"; };
		5D443D572558234F0075741E /* SFProDisplay-UltralightItalic.ttf */ = {isa = PBXFileReference; lastKnownFileType = file; path = "SFProDisplay-UltralightItalic.ttf"; sourceTree = "<group>"; };
		5D443D582558234F0075741E /* SFProDisplay-Thin.ttf */ = {isa = PBXFileReference; lastKnownFileType = file; path = "SFProDisplay-Thin.ttf"; sourceTree = "<group>"; };
		5D443D5A2558234F0075741E /* TTCommons-LightItalic.ttf */ = {isa = PBXFileReference; lastKnownFileType = file; path = "TTCommons-LightItalic.ttf"; sourceTree = "<group>"; };
		5D443D5B2558234F0075741E /* TTCommons-MediumItalic.ttf */ = {isa = PBXFileReference; lastKnownFileType = file; path = "TTCommons-MediumItalic.ttf"; sourceTree = "<group>"; };
		5D443D5C2558234F0075741E /* TTCommons-Regular.ttf */ = {isa = PBXFileReference; lastKnownFileType = file; path = "TTCommons-Regular.ttf"; sourceTree = "<group>"; };
		5D443D5D2558234F0075741E /* TTCommons-Bold.ttf */ = {isa = PBXFileReference; lastKnownFileType = file; path = "TTCommons-Bold.ttf"; sourceTree = "<group>"; };
		5D443D5E2558234F0075741E /* TTCommons-BoldItalic.ttf */ = {isa = PBXFileReference; lastKnownFileType = file; path = "TTCommons-BoldItalic.ttf"; sourceTree = "<group>"; };
		5D443D5F2558234F0075741E /* TTCommons-Medium.ttf */ = {isa = PBXFileReference; lastKnownFileType = file; path = "TTCommons-Medium.ttf"; sourceTree = "<group>"; };
		5D443D602558234F0075741E /* TTCommons-Italic.ttf */ = {isa = PBXFileReference; lastKnownFileType = file; path = "TTCommons-Italic.ttf"; sourceTree = "<group>"; };
		5D443D612558234F0075741E /* TTCommons-DemiBoldItalic.ttf */ = {isa = PBXFileReference; lastKnownFileType = file; path = "TTCommons-DemiBoldItalic.ttf"; sourceTree = "<group>"; };
		5D443D622558234F0075741E /* TTCommons-DemiBold.ttf */ = {isa = PBXFileReference; lastKnownFileType = file; path = "TTCommons-DemiBold.ttf"; sourceTree = "<group>"; };
		5D443D632558234F0075741E /* TTCommons-Light.ttf */ = {isa = PBXFileReference; lastKnownFileType = file; path = "TTCommons-Light.ttf"; sourceTree = "<group>"; };
		5D443D82255823650075741E /* Fonts.swift */ = {isa = PBXFileReference; fileEncoding = 4; lastKnownFileType = sourcecode.swift; path = Fonts.swift; sourceTree = "<group>"; };
		5D443D862558237C0075741E /* Assets.swift */ = {isa = PBXFileReference; fileEncoding = 4; lastKnownFileType = sourcecode.swift; path = Assets.swift; sourceTree = "<group>"; };
		5D443D89255824170075741E /* FontsExtension.swift */ = {isa = PBXFileReference; fileEncoding = 4; lastKnownFileType = sourcecode.swift; path = FontsExtension.swift; sourceTree = "<group>"; };
		5D443D8C2558245A0075741E /* ISAvatarView.swift */ = {isa = PBXFileReference; fileEncoding = 4; lastKnownFileType = sourcecode.swift; path = ISAvatarView.swift; sourceTree = "<group>"; };
		5D443D8D2558245A0075741E /* FeedSearchView.swift */ = {isa = PBXFileReference; fileEncoding = 4; lastKnownFileType = sourcecode.swift; path = FeedSearchView.swift; sourceTree = "<group>"; };
		5D443D8E2558245A0075741E /* ISSectionHeaderView.swift */ = {isa = PBXFileReference; fileEncoding = 4; lastKnownFileType = sourcecode.swift; path = ISSectionHeaderView.swift; sourceTree = "<group>"; };
		5D443D8F2558245A0075741E /* ISTextField.swift */ = {isa = PBXFileReference; fileEncoding = 4; lastKnownFileType = sourcecode.swift; path = ISTextField.swift; sourceTree = "<group>"; };
		5D443D902558245A0075741E /* ISStoryView.swift */ = {isa = PBXFileReference; fileEncoding = 4; lastKnownFileType = sourcecode.swift; path = ISStoryView.swift; sourceTree = "<group>"; };
		5D443D912558245A0075741E /* SelfSizingCollectionView.swift */ = {isa = PBXFileReference; fileEncoding = 4; lastKnownFileType = sourcecode.swift; path = SelfSizingCollectionView.swift; sourceTree = "<group>"; };
		5D443D9A255824F80075741E /* FeedController.swift */ = {isa = PBXFileReference; fileEncoding = 4; lastKnownFileType = sourcecode.swift; path = FeedController.swift; sourceTree = "<group>"; };
		5D443D9B255824F80075741E /* FeedItemCell.swift */ = {isa = PBXFileReference; fileEncoding = 4; lastKnownFileType = sourcecode.swift; path = FeedItemCell.swift; sourceTree = "<group>"; };
		5D443D9C255824F80075741E /* FeedStoriesCell.swift */ = {isa = PBXFileReference; fileEncoding = 4; lastKnownFileType = sourcecode.swift; path = FeedStoriesCell.swift; sourceTree = "<group>"; };
		5D443D9E255824F80075741E /* FeedView.swift */ = {isa = PBXFileReference; fileEncoding = 4; lastKnownFileType = sourcecode.swift; path = FeedView.swift; sourceTree = "<group>"; };
		5D443DA0255824F80075741E /* StoriesViewController.swift */ = {isa = PBXFileReference; fileEncoding = 4; lastKnownFileType = sourcecode.swift; path = StoriesViewController.swift; sourceTree = "<group>"; };
		5D443DCC255827F20075741E /* HorizontalScrollableCell.swift */ = {isa = PBXFileReference; fileEncoding = 4; lastKnownFileType = sourcecode.swift; path = HorizontalScrollableCell.swift; sourceTree = "<group>"; };
		5D443DCD255827F20075741E /* ProfileView.swift */ = {isa = PBXFileReference; fileEncoding = 4; lastKnownFileType = sourcecode.swift; path = ProfileView.swift; sourceTree = "<group>"; };
		5D443DCE255827F20075741E /* UserPageHeaderView.swift */ = {isa = PBXFileReference; fileEncoding = 4; lastKnownFileType = sourcecode.swift; path = UserPageHeaderView.swift; sourceTree = "<group>"; };
		5D443DD0255827F20075741E /* PostCollectionView.swift */ = {isa = PBXFileReference; fileEncoding = 4; lastKnownFileType = sourcecode.swift; path = PostCollectionView.swift; sourceTree = "<group>"; };
		5D443DD1255827F20075741E /* ProfileViewController.swift */ = {isa = PBXFileReference; fileEncoding = 4; lastKnownFileType = sourcecode.swift; path = ProfileViewController.swift; sourceTree = "<group>"; };
		5D443DD2255827F20075741E /* HilightsCollectionView.swift */ = {isa = PBXFileReference; fileEncoding = 4; lastKnownFileType = sourcecode.swift; path = HilightsCollectionView.swift; sourceTree = "<group>"; };
		5D443DD4255827F20075741E /* StoriesCollectionView.swift */ = {isa = PBXFileReference; fileEncoding = 4; lastKnownFileType = sourcecode.swift; path = StoriesCollectionView.swift; sourceTree = "<group>"; };
		5D443DE125582A840075741E /* ISDataTypes.swift */ = {isa = PBXFileReference; lastKnownFileType = sourcecode.swift; path = ISDataTypes.swift; sourceTree = "<group>"; };
		5D443DE425582AC50075741E /* SwiftgramToISDataTypes.swift */ = {isa = PBXFileReference; lastKnownFileType = sourcecode.swift; path = SwiftgramToISDataTypes.swift; sourceTree = "<group>"; };
		5D5B73D1253DE21500B8FD3B /* InstaSaver.app */ = {isa = PBXFileReference; explicitFileType = wrapper.application; includeInIndex = 0; path = InstaSaver.app; sourceTree = BUILT_PRODUCTS_DIR; };
		5D5B73D4253DE21500B8FD3B /* AppDelegate.swift */ = {isa = PBXFileReference; lastKnownFileType = sourcecode.swift; path = AppDelegate.swift; sourceTree = "<group>"; };
		5D5B73DD253DE21600B8FD3B /* Assets.xcassets */ = {isa = PBXFileReference; lastKnownFileType = folder.assetcatalog; path = Assets.xcassets; sourceTree = "<group>"; };
		5D5B73E0253DE21600B8FD3B /* Base */ = {isa = PBXFileReference; lastKnownFileType = file.storyboard; name = Base; path = Base.lproj/LaunchScreen.storyboard; sourceTree = "<group>"; };
		5D5B73E2253DE21600B8FD3B /* Info.plist */ = {isa = PBXFileReference; lastKnownFileType = text.plist.xml; path = Info.plist; sourceTree = "<group>"; };
		5D5B73F1253DE32000B8FD3B /* ViewController.swift */ = {isa = PBXFileReference; lastKnownFileType = sourcecode.swift; path = ViewController.swift; sourceTree = "<group>"; };
		5D5B73F4253DE34C00B8FD3B /* ContentViewProtocol.swift */ = {isa = PBXFileReference; lastKnownFileType = sourcecode.swift; path = ContentViewProtocol.swift; sourceTree = "<group>"; };
		5D5B73F9253DE3F400B8FD3B /* BasicView.swift */ = {isa = PBXFileReference; lastKnownFileType = sourcecode.swift; path = BasicView.swift; sourceTree = "<group>"; };
		B2198D549BE7941967A01739 /* Pods-InstaSaver.debug.xcconfig */ = {isa = PBXFileReference; includeInIndex = 1; lastKnownFileType = text.xcconfig; name = "Pods-InstaSaver.debug.xcconfig"; path = "Target Support Files/Pods-InstaSaver/Pods-InstaSaver.debug.xcconfig"; sourceTree = "<group>"; };
/* End PBXFileReference section */

/* Begin PBXFrameworksBuildPhase section */
		5D5B73CE253DE21500B8FD3B /* Frameworks */ = {
			isa = PBXFrameworksBuildPhase;
			buildActionMask = 2147483647;
			files = (
				5D443D44255822AB0075741E /* Swiftagram in Frameworks */,
				5D443D42255822AB0075741E /* SwiftagramCrypto in Frameworks */,
				3A7D3846FCC8B8D354045493 /* Pods_InstaSaver.framework in Frameworks */,
			);
			runOnlyForDeploymentPostprocessing = 0;
		};
/* End PBXFrameworksBuildPhase section */

/* Begin PBXGroup section */
		17B9C5AF99A1A1A7356E6B06 /* Pods */ = {
			isa = PBXGroup;
			children = (
				B2198D549BE7941967A01739 /* Pods-InstaSaver.debug.xcconfig */,
				1B646CBA815BA7B6E6F6038D /* Pods-InstaSaver.release.xcconfig */,
			);
			path = Pods;
			sourceTree = "<group>";
		};
		5D443D462558234F0075741E /* SF Pro */ = {
			isa = PBXGroup;
			children = (
				5D443D472558234F0075741E /* SFProDisplay-Ultralight.ttf */,
				5D443D482558234F0075741E /* SFProDisplay-RegularItalic.ttf */,
				5D443D492558234F0075741E /* SFProDisplay-SemiboldItalic.ttf */,
				5D443D4A2558234F0075741E /* SFProDisplay-BoldItalic.ttf */,
				5D443D4B2558234F0075741E /* SFProDisplay-Medium.ttf */,
				5D443D4C2558234F0075741E /* SFProDisplay-Black.ttf */,
				5D443D4D2558234F0075741E /* SFProDisplay-ThinItalic.ttf */,
				5D443D4E2558234F0075741E /* SFProDisplay-Light.ttf */,
				5D443D4F2558234F0075741E /* SFProDisplay-Regular.ttf */,
				5D443D502558234F0075741E /* SFProDisplay-BlackItalic.ttf */,
				5D443D512558234F0075741E /* SFProDisplay-MediumItalic.ttf */,
				5D443D522558234F0075741E /* SFProDisplay-Bold.ttf */,
				5D443D532558234F0075741E /* SFProDisplay-HeavyItalic.ttf */,
				5D443D542558234F0075741E /* SFProDisplay-Semibold.ttf */,
				5D443D552558234F0075741E /* SFProDisplay-Heavy.ttf */,
				5D443D562558234F0075741E /* SFProDisplay-LightItalic.ttf */,
				5D443D572558234F0075741E /* SFProDisplay-UltralightItalic.ttf */,
				5D443D582558234F0075741E /* SFProDisplay-Thin.ttf */,
			);
			path = "SF Pro";
			sourceTree = "<group>";
		};
		5D443D592558234F0075741E /* TT Commons */ = {
			isa = PBXGroup;
			children = (
				5D443D5A2558234F0075741E /* TTCommons-LightItalic.ttf */,
				5D443D5B2558234F0075741E /* TTCommons-MediumItalic.ttf */,
				5D443D5C2558234F0075741E /* TTCommons-Regular.ttf */,
				5D443D5D2558234F0075741E /* TTCommons-Bold.ttf */,
				5D443D5E2558234F0075741E /* TTCommons-BoldItalic.ttf */,
				5D443D5F2558234F0075741E /* TTCommons-Medium.ttf */,
				5D443D602558234F0075741E /* TTCommons-Italic.ttf */,
				5D443D612558234F0075741E /* TTCommons-DemiBoldItalic.ttf */,
				5D443D622558234F0075741E /* TTCommons-DemiBold.ttf */,
				5D443D632558234F0075741E /* TTCommons-Light.ttf */,
			);
			path = "TT Commons";
			sourceTree = "<group>";
		};
		5D443D99255824F80075741E /* Feed */ = {
			isa = PBXGroup;
			children = (
				5D443D9A255824F80075741E /* FeedController.swift */,
				5D443D9B255824F80075741E /* FeedItemCell.swift */,
				5D443D9C255824F80075741E /* FeedStoriesCell.swift */,
				5D443D9E255824F80075741E /* FeedView.swift */,
				5D443D9F255824F80075741E /* StoriesViewController */,
			);
			path = Feed;
			sourceTree = "<group>";
		};
		5D443D9F255824F80075741E /* StoriesViewController */ = {
			isa = PBXGroup;
			children = (
				5D443DA0255824F80075741E /* StoriesViewController.swift */,
			);
			path = StoriesViewController;
			sourceTree = "<group>";
		};
		5D443DCB255827F20075741E /* Profile */ = {
			isa = PBXGroup;
			children = (
				5D443DD1255827F20075741E /* ProfileViewController.swift */,
				5D443DCD255827F20075741E /* ProfileView.swift */,
				5D443DCE255827F20075741E /* UserPageHeaderView.swift */,
				5D443DD2255827F20075741E /* HilightsCollectionView.swift */,
				5D443DD4255827F20075741E /* StoriesCollectionView.swift */,
				5D443DD0255827F20075741E /* PostCollectionView.swift */,
				5D443DCC255827F20075741E /* HorizontalScrollableCell.swift */,
			);
			path = Profile;
			sourceTree = "<group>";
		};
		5D52DED02542256C00DF5B19 /* Model */ = {
			isa = PBXGroup;
			children = (
				5D443DE125582A840075741E /* ISDataTypes.swift */,
				5D443DE425582AC50075741E /* SwiftgramToISDataTypes.swift */,
			);
			path = Model;
			sourceTree = "<group>";
		};
		5D5B73C8253DE21500B8FD3B = {
			isa = PBXGroup;
			children = (
				5D5B73D3253DE21500B8FD3B /* InstaSaver */,
				5D5B73D2253DE21500B8FD3B /* Products */,
				17B9C5AF99A1A1A7356E6B06 /* Pods */,
				D7759B113DFE191FF61158F3 /* Frameworks */,
			);
			sourceTree = "<group>";
		};
		5D5B73D2253DE21500B8FD3B /* Products */ = {
			isa = PBXGroup;
			children = (
				5D5B73D1253DE21500B8FD3B /* InstaSaver.app */,
			);
			name = Products;
			sourceTree = "<group>";
		};
		5D5B73D3253DE21500B8FD3B /* InstaSaver */ = {
			isa = PBXGroup;
			children = (
				5DEF5C772548AC770021E979 /* Extensions */,
				5DEF5C352548AC0A0021E979 /* Resources */,
				5D52DED02542256C00DF5B19 /* Model */,
				5D5B73DF253DE21600B8FD3B /* LaunchScreen.storyboard */,
				5D5B73DD253DE21600B8FD3B /* Assets.xcassets */,
				5D5B73EF253DE2CF00B8FD3B /* Constants */,
				5D5B73EE253DE2BB00B8FD3B /* Utils */,
				5D5B73D4253DE21500B8FD3B /* AppDelegate.swift */,
				5D5B73EC253DE2A100B8FD3B /* Modules */,
				5D5B73ED253DE2AE00B8FD3B /* UIComponents */,
				5D5B73E2253DE21600B8FD3B /* Info.plist */,
			);
			path = InstaSaver;
			sourceTree = "<group>";
		};
		5D5B73EC253DE2A100B8FD3B /* Modules */ = {
			isa = PBXGroup;
			children = (
				5D443DCB255827F20075741E /* Profile */,
				5D443D99255824F80075741E /* Feed */,
			);
			path = Modules;
			sourceTree = "<group>";
		};
		5D5B73ED253DE2AE00B8FD3B /* UIComponents */ = {
			isa = PBXGroup;
			children = (
				5D443D8D2558245A0075741E /* FeedSearchView.swift */,
				5D443D8C2558245A0075741E /* ISAvatarView.swift */,
				5D443D8E2558245A0075741E /* ISSectionHeaderView.swift */,
				5D443D902558245A0075741E /* ISStoryView.swift */,
				5D443D8F2558245A0075741E /* ISTextField.swift */,
				5D443D912558245A0075741E /* SelfSizingCollectionView.swift */,
				5D5B73F0253DE2EA00B8FD3B /* BasicViewController */,
			);
			path = UIComponents;
			sourceTree = "<group>";
		};
		5D5B73EE253DE2BB00B8FD3B /* Utils */ = {
			isa = PBXGroup;
			children = (
			);
			path = Utils;
			sourceTree = "<group>";
		};
		5D5B73EF253DE2CF00B8FD3B /* Constants */ = {
			isa = PBXGroup;
			children = (
				5D443D862558237C0075741E /* Assets.swift */,
				5D443D82255823650075741E /* Fonts.swift */,
			);
			path = Constants;
			sourceTree = "<group>";
		};
		5D5B73F0253DE2EA00B8FD3B /* BasicViewController */ = {
			isa = PBXGroup;
			children = (
				5D5B73F1253DE32000B8FD3B /* ViewController.swift */,
				5D5B73F4253DE34C00B8FD3B /* ContentViewProtocol.swift */,
				5D5B73F9253DE3F400B8FD3B /* BasicView.swift */,
			);
			path = BasicViewController;
			sourceTree = "<group>";
		};
		5DEF5C352548AC0A0021E979 /* Resources */ = {
			isa = PBXGroup;
			children = (
				5DEF5C362548AC0A0021E979 /* Fonts */,
			);
			path = Resources;
			sourceTree = "<group>";
		};
		5DEF5C362548AC0A0021E979 /* Fonts */ = {
			isa = PBXGroup;
			children = (
				5D443D462558234F0075741E /* SF Pro */,
				5D443D592558234F0075741E /* TT Commons */,
			);
			path = Fonts;
			sourceTree = "<group>";
		};
		5DEF5C772548AC770021E979 /* Extensions */ = {
			isa = PBXGroup;
			children = (
				5D443D89255824170075741E /* FontsExtension.swift */,
			);
			path = Extensions;
			sourceTree = "<group>";
		};
		D7759B113DFE191FF61158F3 /* Frameworks */ = {
			isa = PBXGroup;
			children = (
				543AD59F60B5F1042C654948 /* Pods_InstaSaver.framework */,
			);
			name = Frameworks;
			sourceTree = "<group>";
		};
/* End PBXGroup section */

/* Begin PBXNativeTarget section */
		5D5B73D0253DE21500B8FD3B /* InstaSaver */ = {
			isa = PBXNativeTarget;
			buildConfigurationList = 5D5B73E5253DE21600B8FD3B /* Build configuration list for PBXNativeTarget "InstaSaver" */;
			buildPhases = (
				5B6D0F49DD6CA3D4F66FFB33 /* [CP] Check Pods Manifest.lock */,
				5D5B73CD253DE21500B8FD3B /* Sources */,
				5D5B73CE253DE21500B8FD3B /* Frameworks */,
				5D5B73CF253DE21500B8FD3B /* Resources */,
				5D4115F8253DE53900E25858 /* ShellScript */,
				73DF91FE7D1D88B020265FB5 /* [CP] Embed Pods Frameworks */,
			);
			buildRules = (
			);
			dependencies = (
			);
			name = InstaSaver;
			packageProductDependencies = (
				5D443D41255822AB0075741E /* SwiftagramCrypto */,
				5D443D43255822AB0075741E /* Swiftagram */,
			);
			productName = InstaSaver;
			productReference = 5D5B73D1253DE21500B8FD3B /* InstaSaver.app */;
			productType = "com.apple.product-type.application";
		};
/* End PBXNativeTarget section */

/* Begin PBXProject section */
		5D5B73C9253DE21500B8FD3B /* Project object */ = {
			isa = PBXProject;
			attributes = {
				LastSwiftUpdateCheck = 1200;
				LastUpgradeCheck = 1210;
				TargetAttributes = {
					5D5B73D0253DE21500B8FD3B = {
						CreatedOnToolsVersion = 12.0.1;
					};
				};
			};
			buildConfigurationList = 5D5B73CC253DE21500B8FD3B /* Build configuration list for PBXProject "InstaSaver" */;
			compatibilityVersion = "Xcode 9.3";
			developmentRegion = en;
			hasScannedForEncodings = 0;
			knownRegions = (
				en,
				Base,
			);
			mainGroup = 5D5B73C8253DE21500B8FD3B;
			packageReferences = (
				5DA8889F2551B8F90057DB07 /* XCRemoteSwiftPackageReference "SwiftyInsta" */,
				5D443D40255822AB0075741E /* XCRemoteSwiftPackageReference "Swiftagram" */,
			);
			productRefGroup = 5D5B73D2253DE21500B8FD3B /* Products */;
			projectDirPath = "";
			projectRoot = "";
			targets = (
				5D5B73D0253DE21500B8FD3B /* InstaSaver */,
			);
		};
/* End PBXProject section */

/* Begin PBXResourcesBuildPhase section */
		5D5B73CF253DE21500B8FD3B /* Resources */ = {
			isa = PBXResourcesBuildPhase;
			buildActionMask = 2147483647;
			files = (
				5D443D7E2558234F0075741E /* TTCommons-DemiBold.ttf in Resources */,
				5D443D7B2558234F0075741E /* TTCommons-Medium.ttf in Resources */,
				5D443D6E2558234F0075741E /* SFProDisplay-MediumItalic.ttf in Resources */,
				5D443D752558234F0075741E /* SFProDisplay-Thin.ttf in Resources */,
				5D443D712558234F0075741E /* SFProDisplay-Semibold.ttf in Resources */,
				5D443D762558234F0075741E /* TTCommons-LightItalic.ttf in Resources */,
				5D443D6D2558234F0075741E /* SFProDisplay-BlackItalic.ttf in Resources */,
				5D443D722558234F0075741E /* SFProDisplay-Heavy.ttf in Resources */,
				5D443D682558234F0075741E /* SFProDisplay-Medium.ttf in Resources */,
				5D5B73E1253DE21600B8FD3B /* LaunchScreen.storyboard in Resources */,
				5D443D792558234F0075741E /* TTCommons-Bold.ttf in Resources */,
				5D443D642558234F0075741E /* SFProDisplay-Ultralight.ttf in Resources */,
				5D5B73DE253DE21600B8FD3B /* Assets.xcassets in Resources */,
				5D443D742558234F0075741E /* SFProDisplay-UltralightItalic.ttf in Resources */,
				5D443D6A2558234F0075741E /* SFProDisplay-ThinItalic.ttf in Resources */,
				5D443D7A2558234F0075741E /* TTCommons-BoldItalic.ttf in Resources */,
				5D443D702558234F0075741E /* SFProDisplay-HeavyItalic.ttf in Resources */,
				5D443D692558234F0075741E /* SFProDisplay-Black.ttf in Resources */,
				5D443D772558234F0075741E /* TTCommons-MediumItalic.ttf in Resources */,
				5D443D6C2558234F0075741E /* SFProDisplay-Regular.ttf in Resources */,
				5D443D7C2558234F0075741E /* TTCommons-Italic.ttf in Resources */,
				5D443D662558234F0075741E /* SFProDisplay-SemiboldItalic.ttf in Resources */,
				5D443D6B2558234F0075741E /* SFProDisplay-Light.ttf in Resources */,
				5D443D6F2558234F0075741E /* SFProDisplay-Bold.ttf in Resources */,
				5D443D7D2558234F0075741E /* TTCommons-DemiBoldItalic.ttf in Resources */,
				5D443D732558234F0075741E /* SFProDisplay-LightItalic.ttf in Resources */,
				5D443D652558234F0075741E /* SFProDisplay-RegularItalic.ttf in Resources */,
				5D443D672558234F0075741E /* SFProDisplay-BoldItalic.ttf in Resources */,
				5D443D7F2558234F0075741E /* TTCommons-Light.ttf in Resources */,
				5D443D782558234F0075741E /* TTCommons-Regular.ttf in Resources */,
			);
			runOnlyForDeploymentPostprocessing = 0;
		};
/* End PBXResourcesBuildPhase section */

/* Begin PBXShellScriptBuildPhase section */
		5B6D0F49DD6CA3D4F66FFB33 /* [CP] Check Pods Manifest.lock */ = {
			isa = PBXShellScriptBuildPhase;
			buildActionMask = 2147483647;
			files = (
			);
			inputFileListPaths = (
			);
			inputPaths = (
				"${PODS_PODFILE_DIR_PATH}/Podfile.lock",
				"${PODS_ROOT}/Manifest.lock",
			);
			name = "[CP] Check Pods Manifest.lock";
			outputFileListPaths = (
			);
			outputPaths = (
				"$(DERIVED_FILE_DIR)/Pods-InstaSaver-checkManifestLockResult.txt",
			);
			runOnlyForDeploymentPostprocessing = 0;
			shellPath = /bin/sh;
			shellScript = "diff \"${PODS_PODFILE_DIR_PATH}/Podfile.lock\" \"${PODS_ROOT}/Manifest.lock\" > /dev/null\nif [ $? != 0 ] ; then\n    # print error to STDERR\n    echo \"error: The sandbox is not in sync with the Podfile.lock. Run 'pod install' or update your CocoaPods installation.\" >&2\n    exit 1\nfi\n# This output is used by Xcode 'outputs' to avoid re-running this script phase.\necho \"SUCCESS\" > \"${SCRIPT_OUTPUT_FILE_0}\"\n";
			showEnvVarsInLog = 0;
		};
		5D4115F8253DE53900E25858 /* ShellScript */ = {
			isa = PBXShellScriptBuildPhase;
			buildActionMask = 2147483647;
			files = (
			);
			inputFileListPaths = (
			);
			inputPaths = (
			);
			outputFileListPaths = (
			);
			outputPaths = (
			);
			runOnlyForDeploymentPostprocessing = 0;
			shellPath = /bin/sh;
			shellScript = "#pod install\ncd $PROJECT_NAME\nswiftgen\nif which swiftlint >/dev/null; then\n  swiftlint\nelse\n  echo \"error: SwiftLint does not exist, download it from https://github.com/realm/SwiftLint\"\n  exit 1\nfi\ncd ../\n";
		};
		73DF91FE7D1D88B020265FB5 /* [CP] Embed Pods Frameworks */ = {
			isa = PBXShellScriptBuildPhase;
			buildActionMask = 2147483647;
			files = (
			);
			inputFileListPaths = (
				"${PODS_ROOT}/Target Support Files/Pods-InstaSaver/Pods-InstaSaver-frameworks-${CONFIGURATION}-input-files.xcfilelist",
			);
			name = "[CP] Embed Pods Frameworks";
			outputFileListPaths = (
				"${PODS_ROOT}/Target Support Files/Pods-InstaSaver/Pods-InstaSaver-frameworks-${CONFIGURATION}-output-files.xcfilelist",
			);
			runOnlyForDeploymentPostprocessing = 0;
			shellPath = /bin/sh;
			shellScript = "\"${PODS_ROOT}/Target Support Files/Pods-InstaSaver/Pods-InstaSaver-frameworks.sh\"\n";
			showEnvVarsInLog = 0;
		};
/* End PBXShellScriptBuildPhase section */

/* Begin PBXSourcesBuildPhase section */
		5D5B73CD253DE21500B8FD3B /* Sources */ = {
			isa = PBXSourcesBuildPhase;
			buildActionMask = 2147483647;
			files = (
				5D443DE525582AC50075741E /* SwiftgramToISDataTypes.swift in Sources */,
				5D443DD9255827F20075741E /* PostCollectionView.swift in Sources */,
				5D443DD7255827F20075741E /* UserPageHeaderView.swift in Sources */,
				5D5B73F2253DE32000B8FD3B /* ViewController.swift in Sources */,
				5D443D942558245A0075741E /* ISSectionHeaderView.swift in Sources */,
				5D5B73F5253DE34C00B8FD3B /* ContentViewProtocol.swift in Sources */,
				5D443DE225582A840075741E /* ISDataTypes.swift in Sources */,
				5D443D872558237C0075741E /* Assets.swift in Sources */,
				5D443DDA255827F20075741E /* ProfileViewController.swift in Sources */,
				5D443DA6255824F80075741E /* StoriesViewController.swift in Sources */,
				5D443D922558245A0075741E /* ISAvatarView.swift in Sources */,
				5D5B73D5253DE21500B8FD3B /* AppDelegate.swift in Sources */,
				5D443D972558245A0075741E /* SelfSizingCollectionView.swift in Sources */,
				5D443D8A255824170075741E /* FontsExtension.swift in Sources */,
				5D443D952558245A0075741E /* ISTextField.swift in Sources */,
				5D443DA5255824F80075741E /* FeedView.swift in Sources */,
				5D443DA2255824F80075741E /* FeedItemCell.swift in Sources */,
				5D443DD6255827F20075741E /* ProfileView.swift in Sources */,
				5D443D962558245A0075741E /* ISStoryView.swift in Sources */,
				5D443D84255823650075741E /* Fonts.swift in Sources */,
				5D443DD5255827F20075741E /* HorizontalScrollableCell.swift in Sources */,
				5D443D932558245A0075741E /* FeedSearchView.swift in Sources */,
				5D443DDD255827F20075741E /* StoriesCollectionView.swift in Sources */,
				5D443DA3255824F80075741E /* FeedStoriesCell.swift in Sources */,
				5D443DDB255827F20075741E /* HilightsCollectionView.swift in Sources */,
				5D5B73FA253DE3F400B8FD3B /* BasicView.swift in Sources */,
				5D443DA1255824F80075741E /* FeedController.swift in Sources */,
			);
			runOnlyForDeploymentPostprocessing = 0;
		};
/* End PBXSourcesBuildPhase section */

/* Begin PBXVariantGroup section */
		5D5B73DF253DE21600B8FD3B /* LaunchScreen.storyboard */ = {
			isa = PBXVariantGroup;
			children = (
				5D5B73E0253DE21600B8FD3B /* Base */,
			);
			name = LaunchScreen.storyboard;
			sourceTree = "<group>";
		};
/* End PBXVariantGroup section */

/* Begin XCBuildConfiguration section */
		5D5B73E3253DE21600B8FD3B /* Debug */ = {
			isa = XCBuildConfiguration;
			buildSettings = {
				ALWAYS_SEARCH_USER_PATHS = NO;
				CLANG_ANALYZER_NONNULL = YES;
				CLANG_ANALYZER_NUMBER_OBJECT_CONVERSION = YES_AGGRESSIVE;
				CLANG_CXX_LANGUAGE_STANDARD = "gnu++14";
				CLANG_CXX_LIBRARY = "libc++";
				CLANG_ENABLE_MODULES = YES;
				CLANG_ENABLE_OBJC_ARC = YES;
				CLANG_ENABLE_OBJC_WEAK = YES;
				CLANG_WARN_BLOCK_CAPTURE_AUTORELEASING = YES;
				CLANG_WARN_BOOL_CONVERSION = YES;
				CLANG_WARN_COMMA = YES;
				CLANG_WARN_CONSTANT_CONVERSION = YES;
				CLANG_WARN_DEPRECATED_OBJC_IMPLEMENTATIONS = YES;
				CLANG_WARN_DIRECT_OBJC_ISA_USAGE = YES_ERROR;
				CLANG_WARN_DOCUMENTATION_COMMENTS = YES;
				CLANG_WARN_EMPTY_BODY = YES;
				CLANG_WARN_ENUM_CONVERSION = YES;
				CLANG_WARN_INFINITE_RECURSION = YES;
				CLANG_WARN_INT_CONVERSION = YES;
				CLANG_WARN_NON_LITERAL_NULL_CONVERSION = YES;
				CLANG_WARN_OBJC_IMPLICIT_RETAIN_SELF = YES;
				CLANG_WARN_OBJC_LITERAL_CONVERSION = YES;
				CLANG_WARN_OBJC_ROOT_CLASS = YES_ERROR;
				CLANG_WARN_QUOTED_INCLUDE_IN_FRAMEWORK_HEADER = YES;
				CLANG_WARN_RANGE_LOOP_ANALYSIS = YES;
				CLANG_WARN_STRICT_PROTOTYPES = YES;
				CLANG_WARN_SUSPICIOUS_MOVE = YES;
				CLANG_WARN_UNGUARDED_AVAILABILITY = YES_AGGRESSIVE;
				CLANG_WARN_UNREACHABLE_CODE = YES;
				CLANG_WARN__DUPLICATE_METHOD_MATCH = YES;
				COPY_PHASE_STRIP = NO;
				DEBUG_INFORMATION_FORMAT = dwarf;
				ENABLE_STRICT_OBJC_MSGSEND = YES;
				ENABLE_TESTABILITY = YES;
				GCC_C_LANGUAGE_STANDARD = gnu11;
				GCC_DYNAMIC_NO_PIC = NO;
				GCC_NO_COMMON_BLOCKS = YES;
				GCC_OPTIMIZATION_LEVEL = 0;
				GCC_PREPROCESSOR_DEFINITIONS = (
					"DEBUG=1",
					"$(inherited)",
				);
				GCC_WARN_64_TO_32_BIT_CONVERSION = YES;
				GCC_WARN_ABOUT_RETURN_TYPE = YES_ERROR;
				GCC_WARN_UNDECLARED_SELECTOR = YES;
				GCC_WARN_UNINITIALIZED_AUTOS = YES_AGGRESSIVE;
				GCC_WARN_UNUSED_FUNCTION = YES;
				GCC_WARN_UNUSED_VARIABLE = YES;
				IPHONEOS_DEPLOYMENT_TARGET = 14.0;
				MTL_ENABLE_DEBUG_INFO = INCLUDE_SOURCE;
				MTL_FAST_MATH = YES;
				ONLY_ACTIVE_ARCH = YES;
				SDKROOT = iphoneos;
				SWIFT_ACTIVE_COMPILATION_CONDITIONS = DEBUG;
				SWIFT_OPTIMIZATION_LEVEL = "-Onone";
			};
			name = Debug;
		};
		5D5B73E4253DE21600B8FD3B /* Release */ = {
			isa = XCBuildConfiguration;
			buildSettings = {
				ALWAYS_SEARCH_USER_PATHS = NO;
				CLANG_ANALYZER_NONNULL = YES;
				CLANG_ANALYZER_NUMBER_OBJECT_CONVERSION = YES_AGGRESSIVE;
				CLANG_CXX_LANGUAGE_STANDARD = "gnu++14";
				CLANG_CXX_LIBRARY = "libc++";
				CLANG_ENABLE_MODULES = YES;
				CLANG_ENABLE_OBJC_ARC = YES;
				CLANG_ENABLE_OBJC_WEAK = YES;
				CLANG_WARN_BLOCK_CAPTURE_AUTORELEASING = YES;
				CLANG_WARN_BOOL_CONVERSION = YES;
				CLANG_WARN_COMMA = YES;
				CLANG_WARN_CONSTANT_CONVERSION = YES;
				CLANG_WARN_DEPRECATED_OBJC_IMPLEMENTATIONS = YES;
				CLANG_WARN_DIRECT_OBJC_ISA_USAGE = YES_ERROR;
				CLANG_WARN_DOCUMENTATION_COMMENTS = YES;
				CLANG_WARN_EMPTY_BODY = YES;
				CLANG_WARN_ENUM_CONVERSION = YES;
				CLANG_WARN_INFINITE_RECURSION = YES;
				CLANG_WARN_INT_CONVERSION = YES;
				CLANG_WARN_NON_LITERAL_NULL_CONVERSION = YES;
				CLANG_WARN_OBJC_IMPLICIT_RETAIN_SELF = YES;
				CLANG_WARN_OBJC_LITERAL_CONVERSION = YES;
				CLANG_WARN_OBJC_ROOT_CLASS = YES_ERROR;
				CLANG_WARN_QUOTED_INCLUDE_IN_FRAMEWORK_HEADER = YES;
				CLANG_WARN_RANGE_LOOP_ANALYSIS = YES;
				CLANG_WARN_STRICT_PROTOTYPES = YES;
				CLANG_WARN_SUSPICIOUS_MOVE = YES;
				CLANG_WARN_UNGUARDED_AVAILABILITY = YES_AGGRESSIVE;
				CLANG_WARN_UNREACHABLE_CODE = YES;
				CLANG_WARN__DUPLICATE_METHOD_MATCH = YES;
				COPY_PHASE_STRIP = NO;
				DEBUG_INFORMATION_FORMAT = "dwarf-with-dsym";
				ENABLE_NS_ASSERTIONS = NO;
				ENABLE_STRICT_OBJC_MSGSEND = YES;
				GCC_C_LANGUAGE_STANDARD = gnu11;
				GCC_NO_COMMON_BLOCKS = YES;
				GCC_WARN_64_TO_32_BIT_CONVERSION = YES;
				GCC_WARN_ABOUT_RETURN_TYPE = YES_ERROR;
				GCC_WARN_UNDECLARED_SELECTOR = YES;
				GCC_WARN_UNINITIALIZED_AUTOS = YES_AGGRESSIVE;
				GCC_WARN_UNUSED_FUNCTION = YES;
				GCC_WARN_UNUSED_VARIABLE = YES;
				IPHONEOS_DEPLOYMENT_TARGET = 14.0;
				MTL_ENABLE_DEBUG_INFO = NO;
				MTL_FAST_MATH = YES;
				SDKROOT = iphoneos;
				SWIFT_COMPILATION_MODE = wholemodule;
				SWIFT_OPTIMIZATION_LEVEL = "-O";
				VALIDATE_PRODUCT = YES;
			};
			name = Release;
		};
		5D5B73E6253DE21600B8FD3B /* Debug */ = {
			isa = XCBuildConfiguration;
			baseConfigurationReference = B2198D549BE7941967A01739 /* Pods-InstaSaver.debug.xcconfig */;
			buildSettings = {
				ASSETCATALOG_COMPILER_APPICON_NAME = AppIcon;
				ASSETCATALOG_COMPILER_GLOBAL_ACCENT_COLOR_NAME = AccentColor;
				CODE_SIGN_STYLE = Automatic;
				DEVELOPMENT_TEAM = FCXJCDV375;
				INFOPLIST_FILE = InstaSaver/Info.plist;
				IPHONEOS_DEPLOYMENT_TARGET = 12.0;
				LD_RUNPATH_SEARCH_PATHS = (
					"$(inherited)",
					"@executable_path/Frameworks",
				);
				PRODUCT_BUNDLE_IDENTIFIER = com.kovalev.InstaSaver;
				PRODUCT_NAME = "$(TARGET_NAME)";
				SWIFT_VERSION = 5.0;
				TARGETED_DEVICE_FAMILY = "1,2";
			};
			name = Debug;
		};
		5D5B73E7253DE21600B8FD3B /* Release */ = {
			isa = XCBuildConfiguration;
			baseConfigurationReference = 1B646CBA815BA7B6E6F6038D /* Pods-InstaSaver.release.xcconfig */;
			buildSettings = {
				ASSETCATALOG_COMPILER_APPICON_NAME = AppIcon;
				ASSETCATALOG_COMPILER_GLOBAL_ACCENT_COLOR_NAME = AccentColor;
				CODE_SIGN_STYLE = Automatic;
				DEVELOPMENT_TEAM = FCXJCDV375;
				INFOPLIST_FILE = InstaSaver/Info.plist;
				IPHONEOS_DEPLOYMENT_TARGET = 12.0;
				LD_RUNPATH_SEARCH_PATHS = (
					"$(inherited)",
					"@executable_path/Frameworks",
				);
				PRODUCT_BUNDLE_IDENTIFIER = com.kovalev.InstaSaver;
				PRODUCT_NAME = "$(TARGET_NAME)";
				SWIFT_VERSION = 5.0;
				TARGETED_DEVICE_FAMILY = "1,2";
			};
			name = Release;
		};
/* End XCBuildConfiguration section */

/* Begin XCConfigurationList section */
		5D5B73CC253DE21500B8FD3B /* Build configuration list for PBXProject "InstaSaver" */ = {
			isa = XCConfigurationList;
			buildConfigurations = (
				5D5B73E3253DE21600B8FD3B /* Debug */,
				5D5B73E4253DE21600B8FD3B /* Release */,
			);
			defaultConfigurationIsVisible = 0;
			defaultConfigurationName = Release;
		};
		5D5B73E5253DE21600B8FD3B /* Build configuration list for PBXNativeTarget "InstaSaver" */ = {
			isa = XCConfigurationList;
			buildConfigurations = (
				5D5B73E6253DE21600B8FD3B /* Debug */,
				5D5B73E7253DE21600B8FD3B /* Release */,
			);
			defaultConfigurationIsVisible = 0;
			defaultConfigurationName = Release;
		};
/* End XCConfigurationList section */

/* Begin XCRemoteSwiftPackageReference section */
		5D443D40255822AB0075741E /* XCRemoteSwiftPackageReference "Swiftagram" */ = {
			isa = XCRemoteSwiftPackageReference;
			repositoryURL = "https://github.com/sbertix/Swiftagram.git";
			requirement = {
				kind = upToNextMajorVersion;
				minimumVersion = 4.2.1;
			};
		};
		5DA8889F2551B8F90057DB07 /* XCRemoteSwiftPackageReference "SwiftyInsta" */ = {
			isa = XCRemoteSwiftPackageReference;
			repositoryURL = "https://github.com/TheM4hd1/SwiftyInsta.git";
			requirement = {
				branch = master;
				kind = branch;
			};
		};
/* End XCRemoteSwiftPackageReference section */

/* Begin XCSwiftPackageProductDependency section */
		5D443D41255822AB0075741E /* SwiftagramCrypto */ = {
			isa = XCSwiftPackageProductDependency;
			package = 5D443D40255822AB0075741E /* XCRemoteSwiftPackageReference "Swiftagram" */;
			productName = SwiftagramCrypto;
		};
		5D443D43255822AB0075741E /* Swiftagram */ = {
			isa = XCSwiftPackageProductDependency;
			package = 5D443D40255822AB0075741E /* XCRemoteSwiftPackageReference "Swiftagram" */;
			productName = Swiftagram;
		};
/* End XCSwiftPackageProductDependency section */
	};
	rootObject = 5D5B73C9253DE21500B8FD3B /* Project object */;
}
